
Microsoft Visual Studio Solution File, Format Version 12.00
# Visual Studio Version 17
VisualStudioVersion = 17.14.36414.22 d17.14
MinimumVisualStudioVersion = 10.0.40219.1
Project("{2150E333-8FDC-42A3-9474-1A3956D46DE8}") = "Task0", "Task0", "{02EA681E-C7D8-13C7-8484-4AC65E1B71E8}"
EndProject
Project("{FAE04EC0-301F-11D3-BF4B-00C04F79EFBC}") = "Tyuiu.ZakachurinIE.Sprint2.Task0.V30", "Tyuiu.ZakachurinIE.Sprint2.Task0.V30\Tyuiu.ZakachurinIE.Sprint2.Task0.V30.csproj", "{72F81C74-1F35-4C4E-BCFB-EFE07BDEAF5A}"
EndProject
Project("{FAE04EC0-301F-11D3-BF4B-00C04F79EFBC}") = "Tyuiu.ZakachurinIE.Sprint2.Task0.V30.Lib", "Tyuiu.ZakachurinIE.Sprint2.Task0.V30.Lib\Tyuiu.ZakachurinIE.Sprint2.Task0.V30.Lib.csproj", "{B0DE6D86-D15D-4372-9E32-8480259AD71F}"
EndProject
Project("{FAE04EC0-301F-11D3-BF4B-00C04F79EFBC}") = "Tyuiu.ZakachurinIE.Sprint2.Task0.V30.Test", "Tyuiu.ZakachurinIE.Sprint2.Task0.V30.Test\Tyuiu.ZakachurinIE.Sprint2.Task0.V30.Test.csproj", "{BD0A1958-0F25-4357-96D9-FEB7C5B53785}"
EndProject
Global
	GlobalSection(SolutionConfigurationPlatforms) = preSolution
		Debug|Any CPU = Debug|Any CPU
		Release|Any CPU = Release|Any CPU
	EndGlobalSection
	GlobalSection(ProjectConfigurationPlatforms) = postSolution
		{72F81C74-1F35-4C4E-BCFB-EFE07BDEAF5A}.Debug|Any CPU.ActiveCfg = Debug|Any CPU
		{72F81C74-1F35-4C4E-BCFB-EFE07BDEAF5A}.Debug|Any CPU.Build.0 = Debug|Any CPU
		{72F81C74-1F35-4C4E-BCFB-EFE07BDEAF5A}.Release|Any CPU.ActiveCfg = Release|Any CPU
		{72F81C74-1F35-4C4E-BCFB-EFE07BDEAF5A}.Release|Any CPU.Build.0 = Release|Any CPU
		{B0DE6D86-D15D-4372-9E32-8480259AD71F}.Debug|Any CPU.ActiveCfg = Debug|Any CPU
		{B0DE6D86-D15D-4372-9E32-8480259AD71F}.Debug|Any CPU.Build.0 = Debug|Any CPU
		{B0DE6D86-D15D-4372-9E32-8480259AD71F}.Release|Any CPU.ActiveCfg = Release|Any CPU
		{B0DE6D86-D15D-4372-9E32-8480259AD71F}.Release|Any CPU.Build.0 = Release|Any CPU
		{BD0A1958-0F25-4357-96D9-FEB7C5B53785}.Debug|Any CPU.ActiveCfg = Debug|Any CPU
		{BD0A1958-0F25-4357-96D9-FEB7C5B53785}.Debug|Any CPU.Build.0 = Debug|Any CPU
		{BD0A1958-0F25-4357-96D9-FEB7C5B53785}.Release|Any CPU.ActiveCfg = Release|Any CPU
		{BD0A1958-0F25-4357-96D9-FEB7C5B53785}.Release|Any CPU.Build.0 = Release|Any CPU
	EndGlobalSection
	GlobalSection(SolutionProperties) = preSolution
		HideSolutionNode = FALSE
	EndGlobalSection
	GlobalSection(NestedProjects) = preSolution
		{72F81C74-1F35-4C4E-BCFB-EFE07BDEAF5A} = {02EA681E-C7D8-13C7-8484-4AC65E1B71E8}
		{B0DE6D86-D15D-4372-9E32-8480259AD71F} = {02EA681E-C7D8-13C7-8484-4AC65E1B71E8}
		{BD0A1958-0F25-4357-96D9-FEB7C5B53785} = {02EA681E-C7D8-13C7-8484-4AC65E1B71E8}
	EndGlobalSection
	GlobalSection(ExtensibilityGlobals) = postSolution
		SolutionGuid = {F2A55336-6A9B-4DDB-ACE9-81D82965CB56}
	EndGlobalSection
EndGlobal
