
Microsoft Visual Studio Solution File, Format Version 12.00
# Visual Studio Version 17
VisualStudioVersion = 17.14.36414.22
MinimumVisualStudioVersion = 10.0.40219.1
Project("{2150E333-8FDC-42A3-9474-1A3956D46DE8}") = "Task0", "Task0", "{02EA681E-C7D8-13C7-8484-4AC65E1B71E8}"
EndProject
Project("{FAE04EC0-301F-11D3-BF4B-00C04F79EFBC}") = "Tyuiu.ZakachurinIE.Sprint2.Task0.V30", "Tyuiu.ZakachurinIE.Sprint2.Task0.V30\Tyuiu.ZakachurinIE.Sprint2.Task0.V30.csproj", "{72F81C74-1F35-4C4E-BCFB-EFE07BDEAF5A}"
EndProject
Project("{FAE04EC0-301F-11D3-BF4B-00C04F79EFBC}") = "Tyuiu.ZakachurinIE.Sprint2.Task0.V30.Lib", "Tyuiu.ZakachurinIE.Sprint2.Task0.V30.Lib\Tyuiu.ZakachurinIE.Sprint2.Task0.V30.Lib.csproj", "{B0DE6D86-D15D-4372-9E32-8480259AD71F}"
EndProject
Project("{FAE04EC0-301F-11D3-BF4B-00C04F79EFBC}") = "Tyuiu.ZakachurinIE.Sprint2.Task0.V30.Test", "Tyuiu.ZakachurinIE.Sprint2.Task0.V30.Test\Tyuiu.ZakachurinIE.Sprint2.Task0.V30.Test.csproj", "{BD0A1958-0F25-4357-96D9-FEB7C5B53785}"
EndProject
Project("{2150E333-8FDC-42A3-9474-1A3956D46DE8}") = "Task1", "Task1", "{93ECB337-F85B-47A3-9868-D6DA4ACD107E}"
EndProject
Project("{FAE04EC0-301F-11D3-BF4B-00C04F79EFBC}") = "Tyuiu.ZakachurinIE.Sprint2.Task1.V16", "Tyuiu.ZakachurinIE.Sprint2.Task1.V16\Tyuiu.ZakachurinIE.Sprint2.Task1.V16.csproj", "{9C72E1B4-FCED-4C3A-8E23-9D0147CAEFA0}"
EndProject
Project("{FAE04EC0-301F-11D3-BF4B-00C04F79EFBC}") = "Tyuiu.ZakachurinIE.Sprint2.Task1.V16.Lib", "Tyuiu.ZakachurinIE.Sprint2.Task1.V16.Lib\Tyuiu.ZakachurinIE.Sprint2.Task1.V16.Lib.csproj", "{396E396E-D11C-430D-84F2-93C7C5E921FF}"
EndProject
Project("{FAE04EC0-301F-11D3-BF4B-00C04F79EFBC}") = "Tyuiu.ZakachurinIE.Sprint2.Task1.V16.Test", "Tyuiu.ZakachurinIE.Sprint2.Task1.V16.Test\Tyuiu.ZakachurinIE.Sprint2.Task1.V16.Test.csproj", "{FEDBAEF3-E441-4756-B41C-6DB49AF4DEF8}"
EndProject
Project("{2150E333-8FDC-42A3-9474-1A3956D46DE8}") = "Task2", "Task2", "{C756C799-D3A9-4855-8ADE-6AD3F849462E}"
EndProject
Project("{FAE04EC0-301F-11D3-BF4B-00C04F79EFBC}") = "Tyuiu.ZakachurinIE.Sprint2.Task2.V20", "Tyuiu.ZakachurinIE.Sprint2.Task2.V20\Tyuiu.ZakachurinIE.Sprint2.Task2.V20.csproj", "{3F163EAB-0CEF-4A28-9C54-91ECE387647E}"
EndProject
Project("{FAE04EC0-301F-11D3-BF4B-00C04F79EFBC}") = "Tyuiu.ZakachurinIE.Sprint2.Task2.V20.Lib", "Tyuiu.ZakachurinIE.Sprint2.Task2.V20.Lib\Tyuiu.ZakachurinIE.Sprint2.Task2.V20.Lib.csproj", "{E1EA9C6E-4B13-4B45-A03C-5D29E6324750}"
EndProject
Project("{FAE04EC0-301F-11D3-BF4B-00C04F79EFBC}") = "Tyuiu.ZakachurinIE.Sprint2.Task2.V20.Test", "Tyuiu.ZakachurinIE.Sprint2.Task2.V20.Test\Tyuiu.ZakachurinIE.Sprint2.Task2.V20.Test.csproj", "{5B0E3C15-EF11-44A9-8E82-EC71ECD3E965}"
EndProject
Project("{2150E333-8FDC-42A3-9474-1A3956D46DE8}") = "Task3", "Task3", "{7AFD8C96-03A9-40CF-B6B2-79840D29B377}"
EndProject
Project("{FAE04EC0-301F-11D3-BF4B-00C04F79EFBC}") = "Tyuiu.ZakachurinIE.Sprint2.Task3.V5", "Tyuiu.ZakachurinIE.Sprint2.Task3.V5\Tyuiu.ZakachurinIE.Sprint2.Task3.V5.csproj", "{1835E9BF-09E7-4DFD-B2CE-9A22CE68AF69}"
EndProject
Project("{FAE04EC0-301F-11D3-BF4B-00C04F79EFBC}") = "Tyuiu.ZakachurinIE.Sprint2.Task3.V5.Lib", "Tyuiu.ZakachurinIE.Sprint2.Task3.V5.Lib\Tyuiu.ZakachurinIE.Sprint2.Task3.V5.Lib.csproj", "{F996C9DE-CC1C-4D9F-9ED3-3A705A6458A8}"
EndProject
Project("{FAE04EC0-301F-11D3-BF4B-00C04F79EFBC}") = "Tyuiu.ZakachurinIE.Sprint2.Task3.V5.Test", "Tyuiu.ZakachurinIE.Sprint2.Task3.V5.Test\Tyuiu.ZakachurinIE.Sprint2.Task3.V5.Test.csproj", "{B38DAAE5-87A2-448E-87F4-D203CBA1BC4C}"
EndProject
Project("{2150E333-8FDC-42A3-9474-1A3956D46DE8}") = "Task4", "Task4", "{B33FD3B2-8643-4603-99BE-13D2EE007D8F}"
EndProject
Project("{FAE04EC0-301F-11D3-BF4B-00C04F79EFBC}") = "Tyuiu.ZakachurinIE.Sprint2.Task4.V19", "Tyuiu.ZakachurinIE.Sprint2.Task4.V19\Tyuiu.ZakachurinIE.Sprint2.Task4.V19.csproj", "{272C7E95-84E4-4704-8C3F-CABFD94FC8D3}"
EndProject
Project("{FAE04EC0-301F-11D3-BF4B-00C04F79EFBC}") = "Tyuiu.ZakachurinIE.Sprint2.Task4.V19.Lib", "Tyuiu.ZakachurinIE.Sprint2.Task4.V19.Lib\Tyuiu.ZakachurinIE.Sprint2.Task4.V19.Lib.csproj", "{51E15839-93B5-45E3-99C2-7D199640A555}"
EndProject
Project("{FAE04EC0-301F-11D3-BF4B-00C04F79EFBC}") = "Tyuiu.ZakachurinIE.Sprint2.Task4.V19.Test", "Tyuiu.ZakachurinIE.Sprint2.Task4.V19.Test\Tyuiu.ZakachurinIE.Sprint2.Task4.V19.Test.csproj", "{83CAD448-E337-4E5C-9DAE-FF6C49D87C7E}"
EndProject
Project("{2150E333-8FDC-42A3-9474-1A3956D46DE8}") = "Task5", "Task5", "{221150B3-4B2A-40E2-B2E3-93C534876051}"
EndProject
Project("{FAE04EC0-301F-11D3-BF4B-00C04F79EFBC}") = "Tyuiu.ZakachurinIE.Sprint2.Task5.V14", "Tyuiu.ZakachurinIE.Sprint2.Task5.V14\Tyuiu.ZakachurinIE.Sprint2.Task5.V14.csproj", "{F5FF1486-8421-4934-9F34-18A909A1A637}"
EndProject
Project("{FAE04EC0-301F-11D3-BF4B-00C04F79EFBC}") = "Tyuiu.ZakachurinIE.Sprint2.Task5.V14.Lib", "Tyuiu.ZakachurinIE.Sprint2.Task5.V14.Lib\Tyuiu.ZakachurinIE.Sprint2.Task5.V14.Lib.csproj", "{8EC14627-580A-481D-A849-2C0AE6F0D5FF}"
EndProject
Project("{FAE04EC0-301F-11D3-BF4B-00C04F79EFBC}") = "Tyuiu.ZakachurinIE.Sprint2.Task5.V14.Test", "Tyuiu.ZakachurinIE.Sprint2.Task5.V14.Test\Tyuiu.ZakachurinIE.Sprint2.Task5.V14.Test.csproj", "{DAE855FA-F523-4665-A755-7E7E625AD9D6}"
EndProject
Project("{2150E333-8FDC-42A3-9474-1A3956D46DE8}") = "Task6", "Task6", "{58E050F0-0553-41C4-9F7B-1591EF418AD7}"
EndProject
Project("{FAE04EC0-301F-11D3-BF4B-00C04F79EFBC}") = "Tyuiu.ZakachurinIE.Sprint2.Task6.V15", "Tyuiu.ZakachurinIE.Sprint2.Task6.V15\Tyuiu.ZakachurinIE.Sprint2.Task6.V15.csproj", "{07F24EF8-8BAB-4A74-9CBC-EFE8D531984B}"
EndProject
Project("{FAE04EC0-301F-11D3-BF4B-00C04F79EFBC}") = "Tyuiu.ZakachurinIE.Sprint2.Task6.V15.Lib", "Tyuiu.ZakachurinIE.Sprint2.Task6.V15.Lib\Tyuiu.ZakachurinIE.Sprint2.Task6.V15.Lib.csproj", "{73B532D4-F147-4689-ABCC-AA070D2794AF}"
EndProject
Project("{FAE04EC0-301F-11D3-BF4B-00C04F79EFBC}") = "Tyuiu.ZakachurinIE.Sprint2.Task6.V15.Test", "Tyuiu.ZakachurinIE.Sprint2.Task6.V15.Test\Tyuiu.ZakachurinIE.Sprint2.Task6.V15.Test.csproj", "{6A51213E-D86A-4471-8A45-9DBC229C4BF1}"
EndProject
Project("{2150E333-8FDC-42A3-9474-1A3956D46DE8}") = "Task7", "Task7", "{A02EBE27-594A-4691-9481-15D1F5E8370A}"
EndProject
Project("{FAE04EC0-301F-11D3-BF4B-00C04F79EFBC}") = "Tyuiu.ZakachurinIE.Sprint2.Task7.V5", "Tyuiu.ZakachurinIE.Sprint2.Task7.V5\Tyuiu.ZakachurinIE.Sprint2.Task7.V5.csproj", "{0AFFACD2-81B8-446E-AB72-343D760A6705}"
EndProject
Project("{FAE04EC0-301F-11D3-BF4B-00C04F79EFBC}") = "Tyuiu.ZakachurinIE.Sprint2.Task7.V5.Lib", "Tyuiu.ZakachurinIE.Sprint2.Task7.V5.Lib\Tyuiu.ZakachurinIE.Sprint2.Task7.V5.Lib.csproj", "{7232DAD8-0C1B-460F-97EB-9FA060629D42}"
EndProject
Project("{FAE04EC0-301F-11D3-BF4B-00C04F79EFBC}") = "Tyuiu.ZakachurinIE.Sprint2.Task7.V5.Test", "Tyuiu.ZakachurinIE.Sprint2.Task7.V5.Test\Tyuiu.ZakachurinIE.Sprint2.Task7.V5.Test.csproj", "{99B5170A-1A51-4B5C-B785-7734B3EB98F0}"
EndProject
Global
	GlobalSection(SolutionConfigurationPlatforms) = preSolution
		Debug|Any CPU = Debug|Any CPU
		Release|Any CPU = Release|Any CPU
	EndGlobalSection
	GlobalSection(ProjectConfigurationPlatforms) = postSolution
		{72F81C74-1F35-4C4E-BCFB-EFE07BDEAF5A}.Debug|Any CPU.ActiveCfg = Debug|Any CPU
		{72F81C74-1F35-4C4E-BCFB-EFE07BDEAF5A}.Debug|Any CPU.Build.0 = Debug|Any CPU
		{72F81C74-1F35-4C4E-BCFB-EFE07BDEAF5A}.Release|Any CPU.ActiveCfg = Release|Any CPU
		{72F81C74-1F35-4C4E-BCFB-EFE07BDEAF5A}.Release|Any CPU.Build.0 = Release|Any CPU
		{B0DE6D86-D15D-4372-9E32-8480259AD71F}.Debug|Any CPU.ActiveCfg = Debug|Any CPU
		{B0DE6D86-D15D-4372-9E32-8480259AD71F}.Debug|Any CPU.Build.0 = Debug|Any CPU
		{B0DE6D86-D15D-4372-9E32-8480259AD71F}.Release|Any CPU.ActiveCfg = Release|Any CPU
		{B0DE6D86-D15D-4372-9E32-8480259AD71F}.Release|Any CPU.Build.0 = Release|Any CPU
		{BD0A1958-0F25-4357-96D9-FEB7C5B53785}.Debug|Any CPU.ActiveCfg = Debug|Any CPU
		{BD0A1958-0F25-4357-96D9-FEB7C5B53785}.Debug|Any CPU.Build.0 = Debug|Any CPU
		{BD0A1958-0F25-4357-96D9-FEB7C5B53785}.Release|Any CPU.ActiveCfg = Release|Any CPU
		{BD0A1958-0F25-4357-96D9-FEB7C5B53785}.Release|Any CPU.Build.0 = Release|Any CPU
		{9C72E1B4-FCED-4C3A-8E23-9D0147CAEFA0}.Debug|Any CPU.ActiveCfg = Debug|Any CPU
		{9C72E1B4-FCED-4C3A-8E23-9D0147CAEFA0}.Debug|Any CPU.Build.0 = Debug|Any CPU
		{9C72E1B4-FCED-4C3A-8E23-9D0147CAEFA0}.Release|Any CPU.ActiveCfg = Release|Any CPU
		{9C72E1B4-FCED-4C3A-8E23-9D0147CAEFA0}.Release|Any CPU.Build.0 = Release|Any CPU
		{396E396E-D11C-430D-84F2-93C7C5E921FF}.Debug|Any CPU.ActiveCfg = Debug|Any CPU
		{396E396E-D11C-430D-84F2-93C7C5E921FF}.Debug|Any CPU.Build.0 = Debug|Any CPU
		{396E396E-D11C-430D-84F2-93C7C5E921FF}.Release|Any CPU.ActiveCfg = Release|Any CPU
		{396E396E-D11C-430D-84F2-93C7C5E921FF}.Release|Any CPU.Build.0 = Release|Any CPU
		{FEDBAEF3-E441-4756-B41C-6DB49AF4DEF8}.Debug|Any CPU.ActiveCfg = Debug|Any CPU
		{FEDBAEF3-E441-4756-B41C-6DB49AF4DEF8}.Debug|Any CPU.Build.0 = Debug|Any CPU
		{FEDBAEF3-E441-4756-B41C-6DB49AF4DEF8}.Release|Any CPU.ActiveCfg = Release|Any CPU
		{FEDBAEF3-E441-4756-B41C-6DB49AF4DEF8}.Release|Any CPU.Build.0 = Release|Any CPU
		{3F163EAB-0CEF-4A28-9C54-91ECE387647E}.Debug|Any CPU.ActiveCfg = Debug|Any CPU
		{3F163EAB-0CEF-4A28-9C54-91ECE387647E}.Debug|Any CPU.Build.0 = Debug|Any CPU
		{3F163EAB-0CEF-4A28-9C54-91ECE387647E}.Release|Any CPU.ActiveCfg = Release|Any CPU
		{3F163EAB-0CEF-4A28-9C54-91ECE387647E}.Release|Any CPU.Build.0 = Release|Any CPU
		{E1EA9C6E-4B13-4B45-A03C-5D29E6324750}.Debug|Any CPU.ActiveCfg = Debug|Any CPU
		{E1EA9C6E-4B13-4B45-A03C-5D29E6324750}.Debug|Any CPU.Build.0 = Debug|Any CPU
		{E1EA9C6E-4B13-4B45-A03C-5D29E6324750}.Release|Any CPU.ActiveCfg = Release|Any CPU
		{E1EA9C6E-4B13-4B45-A03C-5D29E6324750}.Release|Any CPU.Build.0 = Release|Any CPU
		{5B0E3C15-EF11-44A9-8E82-EC71ECD3E965}.Debug|Any CPU.ActiveCfg = Debug|Any CPU
		{5B0E3C15-EF11-44A9-8E82-EC71ECD3E965}.Debug|Any CPU.Build.0 = Debug|Any CPU
		{5B0E3C15-EF11-44A9-8E82-EC71ECD3E965}.Release|Any CPU.ActiveCfg = Release|Any CPU
		{5B0E3C15-EF11-44A9-8E82-EC71ECD3E965}.Release|Any CPU.Build.0 = Release|Any CPU
		{1835E9BF-09E7-4DFD-B2CE-9A22CE68AF69}.Debug|Any CPU.ActiveCfg = Debug|Any CPU
		{1835E9BF-09E7-4DFD-B2CE-9A22CE68AF69}.Debug|Any CPU.Build.0 = Debug|Any CPU
		{1835E9BF-09E7-4DFD-B2CE-9A22CE68AF69}.Release|Any CPU.ActiveCfg = Release|Any CPU
		{1835E9BF-09E7-4DFD-B2CE-9A22CE68AF69}.Release|Any CPU.Build.0 = Release|Any CPU
		{F996C9DE-CC1C-4D9F-9ED3-3A705A6458A8}.Debug|Any CPU.ActiveCfg = Debug|Any CPU
		{F996C9DE-CC1C-4D9F-9ED3-3A705A6458A8}.Debug|Any CPU.Build.0 = Debug|Any CPU
		{F996C9DE-CC1C-4D9F-9ED3-3A705A6458A8}.Release|Any CPU.ActiveCfg = Release|Any CPU
		{F996C9DE-CC1C-4D9F-9ED3-3A705A6458A8}.Release|Any CPU.Build.0 = Release|Any CPU
		{B38DAAE5-87A2-448E-87F4-D203CBA1BC4C}.Debug|Any CPU.ActiveCfg = Debug|Any CPU
		{B38DAAE5-87A2-448E-87F4-D203CBA1BC4C}.Debug|Any CPU.Build.0 = Debug|Any CPU
		{B38DAAE5-87A2-448E-87F4-D203CBA1BC4C}.Release|Any CPU.ActiveCfg = Release|Any CPU
		{B38DAAE5-87A2-448E-87F4-D203CBA1BC4C}.Release|Any CPU.Build.0 = Release|Any CPU
		{272C7E95-84E4-4704-8C3F-CABFD94FC8D3}.Debug|Any CPU.ActiveCfg = Debug|Any CPU
		{272C7E95-84E4-4704-8C3F-CABFD94FC8D3}.Debug|Any CPU.Build.0 = Debug|Any CPU
		{272C7E95-84E4-4704-8C3F-CABFD94FC8D3}.Release|Any CPU.ActiveCfg = Release|Any CPU
		{272C7E95-84E4-4704-8C3F-CABFD94FC8D3}.Release|Any CPU.Build.0 = Release|Any CPU
		{51E15839-93B5-45E3-99C2-7D199640A555}.Debug|Any CPU.ActiveCfg = Debug|Any CPU
		{51E15839-93B5-45E3-99C2-7D199640A555}.Debug|Any CPU.Build.0 = Debug|Any CPU
		{51E15839-93B5-45E3-99C2-7D199640A555}.Release|Any CPU.ActiveCfg = Release|Any CPU
		{51E15839-93B5-45E3-99C2-7D199640A555}.Release|Any CPU.Build.0 = Release|Any CPU
		{83CAD448-E337-4E5C-9DAE-FF6C49D87C7E}.Debug|Any CPU.ActiveCfg = Debug|Any CPU
		{83CAD448-E337-4E5C-9DAE-FF6C49D87C7E}.Debug|Any CPU.Build.0 = Debug|Any CPU
		{83CAD448-E337-4E5C-9DAE-FF6C49D87C7E}.Release|Any CPU.ActiveCfg = Release|Any CPU
		{83CAD448-E337-4E5C-9DAE-FF6C49D87C7E}.Release|Any CPU.Build.0 = Release|Any CPU
		{F5FF1486-8421-4934-9F34-18A909A1A637}.Debug|Any CPU.ActiveCfg = Debug|Any CPU
		{F5FF1486-8421-4934-9F34-18A909A1A637}.Debug|Any CPU.Build.0 = Debug|Any CPU
		{F5FF1486-8421-4934-9F34-18A909A1A637}.Release|Any CPU.ActiveCfg = Release|Any CPU
		{F5FF1486-8421-4934-9F34-18A909A1A637}.Release|Any CPU.Build.0 = Release|Any CPU
		{8EC14627-580A-481D-A849-2C0AE6F0D5FF}.Debug|Any CPU.ActiveCfg = Debug|Any CPU
		{8EC14627-580A-481D-A849-2C0AE6F0D5FF}.Debug|Any CPU.Build.0 = Debug|Any CPU
		{8EC14627-580A-481D-A849-2C0AE6F0D5FF}.Release|Any CPU.ActiveCfg = Release|Any CPU
		{8EC14627-580A-481D-A849-2C0AE6F0D5FF}.Release|Any CPU.Build.0 = Release|Any CPU
		{DAE855FA-F523-4665-A755-7E7E625AD9D6}.Debug|Any CPU.ActiveCfg = Debug|Any CPU
		{DAE855FA-F523-4665-A755-7E7E625AD9D6}.Debug|Any CPU.Build.0 = Debug|Any CPU
		{DAE855FA-F523-4665-A755-7E7E625AD9D6}.Release|Any CPU.ActiveCfg = Release|Any CPU
		{DAE855FA-F523-4665-A755-7E7E625AD9D6}.Release|Any CPU.Build.0 = Release|Any CPU
		{07F24EF8-8BAB-4A74-9CBC-EFE8D531984B}.Debug|Any CPU.ActiveCfg = Debug|Any CPU
		{07F24EF8-8BAB-4A74-9CBC-EFE8D531984B}.Debug|Any CPU.Build.0 = Debug|Any CPU
		{07F24EF8-8BAB-4A74-9CBC-EFE8D531984B}.Release|Any CPU.ActiveCfg = Release|Any CPU
		{07F24EF8-8BAB-4A74-9CBC-EFE8D531984B}.Release|Any CPU.Build.0 = Release|Any CPU
		{73B532D4-F147-4689-ABCC-AA070D2794AF}.Debug|Any CPU.ActiveCfg = Debug|Any CPU
		{73B532D4-F147-4689-ABCC-AA070D2794AF}.Debug|Any CPU.Build.0 = Debug|Any CPU
		{73B532D4-F147-4689-ABCC-AA070D2794AF}.Release|Any CPU.ActiveCfg = Release|Any CPU
		{73B532D4-F147-4689-ABCC-AA070D2794AF}.Release|Any CPU.Build.0 = Release|Any CPU
		{6A51213E-D86A-4471-8A45-9DBC229C4BF1}.Debug|Any CPU.ActiveCfg = Debug|Any CPU
		{6A51213E-D86A-4471-8A45-9DBC229C4BF1}.Debug|Any CPU.Build.0 = Debug|Any CPU
		{6A51213E-D86A-4471-8A45-9DBC229C4BF1}.Release|Any CPU.ActiveCfg = Release|Any CPU
		{6A51213E-D86A-4471-8A45-9DBC229C4BF1}.Release|Any CPU.Build.0 = Release|Any CPU
		{0AFFACD2-81B8-446E-AB72-343D760A6705}.Debug|Any CPU.ActiveCfg = Debug|Any CPU
		{0AFFACD2-81B8-446E-AB72-343D760A6705}.Debug|Any CPU.Build.0 = Debug|Any CPU
		{0AFFACD2-81B8-446E-AB72-343D760A6705}.Release|Any CPU.ActiveCfg = Release|Any CPU
		{0AFFACD2-81B8-446E-AB72-343D760A6705}.Release|Any CPU.Build.0 = Release|Any CPU
		{7232DAD8-0C1B-460F-97EB-9FA060629D42}.Debug|Any CPU.ActiveCfg = Debug|Any CPU
		{7232DAD8-0C1B-460F-97EB-9FA060629D42}.Debug|Any CPU.Build.0 = Debug|Any CPU
		{7232DAD8-0C1B-460F-97EB-9FA060629D42}.Release|Any CPU.ActiveCfg = Release|Any CPU
		{7232DAD8-0C1B-460F-97EB-9FA060629D42}.Release|Any CPU.Build.0 = Release|Any CPU
		{99B5170A-1A51-4B5C-B785-7734B3EB98F0}.Debug|Any CPU.ActiveCfg = Debug|Any CPU
		{99B5170A-1A51-4B5C-B785-7734B3EB98F0}.Debug|Any CPU.Build.0 = Debug|Any CPU
		{99B5170A-1A51-4B5C-B785-7734B3EB98F0}.Release|Any CPU.ActiveCfg = Release|Any CPU
		{99B5170A-1A51-4B5C-B785-7734B3EB98F0}.Release|Any CPU.Build.0 = Release|Any CPU
	EndGlobalSection
	GlobalSection(SolutionProperties) = preSolution
		HideSolutionNode = FALSE
	EndGlobalSection
	GlobalSection(NestedProjects) = preSolution
		{72F81C74-1F35-4C4E-BCFB-EFE07BDEAF5A} = {02EA681E-C7D8-13C7-8484-4AC65E1B71E8}
		{B0DE6D86-D15D-4372-9E32-8480259AD71F} = {02EA681E-C7D8-13C7-8484-4AC65E1B71E8}
		{BD0A1958-0F25-4357-96D9-FEB7C5B53785} = {02EA681E-C7D8-13C7-8484-4AC65E1B71E8}
		{9C72E1B4-FCED-4C3A-8E23-9D0147CAEFA0} = {93ECB337-F85B-47A3-9868-D6DA4ACD107E}
		{396E396E-D11C-430D-84F2-93C7C5E921FF} = {93ECB337-F85B-47A3-9868-D6DA4ACD107E}
		{FEDBAEF3-E441-4756-B41C-6DB49AF4DEF8} = {93ECB337-F85B-47A3-9868-D6DA4ACD107E}
		{3F163EAB-0CEF-4A28-9C54-91ECE387647E} = {C756C799-D3A9-4855-8ADE-6AD3F849462E}
		{E1EA9C6E-4B13-4B45-A03C-5D29E6324750} = {C756C799-D3A9-4855-8ADE-6AD3F849462E}
		{5B0E3C15-EF11-44A9-8E82-EC71ECD3E965} = {C756C799-D3A9-4855-8ADE-6AD3F849462E}
		{1835E9BF-09E7-4DFD-B2CE-9A22CE68AF69} = {7AFD8C96-03A9-40CF-B6B2-79840D29B377}
		{F996C9DE-CC1C-4D9F-9ED3-3A705A6458A8} = {7AFD8C96-03A9-40CF-B6B2-79840D29B377}
		{B38DAAE5-87A2-448E-87F4-D203CBA1BC4C} = {7AFD8C96-03A9-40CF-B6B2-79840D29B377}
		{272C7E95-84E4-4704-8C3F-CABFD94FC8D3} = {B33FD3B2-8643-4603-99BE-13D2EE007D8F}
		{51E15839-93B5-45E3-99C2-7D199640A555} = {B33FD3B2-8643-4603-99BE-13D2EE007D8F}
		{83CAD448-E337-4E5C-9DAE-FF6C49D87C7E} = {B33FD3B2-8643-4603-99BE-13D2EE007D8F}
		{F5FF1486-8421-4934-9F34-18A909A1A637} = {221150B3-4B2A-40E2-B2E3-93C534876051}
		{8EC14627-580A-481D-A849-2C0AE6F0D5FF} = {221150B3-4B2A-40E2-B2E3-93C534876051}
		{DAE855FA-F523-4665-A755-7E7E625AD9D6} = {221150B3-4B2A-40E2-B2E3-93C534876051}
		{07F24EF8-8BAB-4A74-9CBC-EFE8D531984B} = {58E050F0-0553-41C4-9F7B-1591EF418AD7}
		{73B532D4-F147-4689-ABCC-AA070D2794AF} = {58E050F0-0553-41C4-9F7B-1591EF418AD7}
		{6A51213E-D86A-4471-8A45-9DBC229C4BF1} = {58E050F0-0553-41C4-9F7B-1591EF418AD7}
		{0AFFACD2-81B8-446E-AB72-343D760A6705} = {A02EBE27-594A-4691-9481-15D1F5E8370A}
		{7232DAD8-0C1B-460F-97EB-9FA060629D42} = {A02EBE27-594A-4691-9481-15D1F5E8370A}
		{99B5170A-1A51-4B5C-B785-7734B3EB98F0} = {A02EBE27-594A-4691-9481-15D1F5E8370A}
	EndGlobalSection
	GlobalSection(ExtensibilityGlobals) = postSolution
		SolutionGuid = {F2A55336-6A9B-4DDB-ACE9-81D82965CB56}
	EndGlobalSection
EndGlobal
